
Microsoft Visual Studio Solution File, Format Version 12.00
# Visual Studio Version 16
VisualStudioVersion = 16.0.31313.79
MinimumVisualStudioVersion = 10.0.40219.1
Project("{F184B08F-C81C-45F6-A57F-5ABD9991F28F}") = "Fence", "Fence.vbproj", "{A62F344C-D1C2-4990-9752-C54549032538}"
EndProject
Global
	GlobalSection(SolutionConfigurationPlatforms) = preSolution
		Debug|Any CPU = Debug|Any CPU
		Release|Any CPU = Release|Any CPU
	EndGlobalSection
	GlobalSection(ProjectConfigurationPlatforms) = postSolution
		{A62F344C-D1C2-4990-9752-C54549032538}.Debug|Any CPU.ActiveCfg = Debug|Any CPU
		{A62F344C-D1C2-4990-9752-C54549032538}.Debug|Any CPU.Build.0 = Debug|Any CPU
		{A62F344C-D1C2-4990-9752-C54549032538}.Release|Any CPU.ActiveCfg = Release|Any CPU
		{A62F344C-D1C2-4990-9752-C54549032538}.Release|Any CPU.Build.0 = Release|Any CPU
	EndGlobalSection
	GlobalSection(SolutionProperties) = preSolution
		HideSolutionNode = FALSE
	EndGlobalSection
	GlobalSection(ExtensibilityGlobals) = postSolution
		SolutionGuid = {44C2B524-EABE-477A-BCD0-E0269321B2B4}
	EndGlobalSection
EndGlobal
